{
  "name": "@zapabob/codex",
  "version": "2.8.2",
  "lockfileVersion": 3,
  "requires": true,
  "packages": {
    "": {
      "name": "@zapabob/codex",
      "version": "2.8.2",
      "cpu": [
        "x64",
        "arm64"
      ],
      "hasInstallScript": true,
      "license": "Apache-2.0",
      "os": [
        "win32",
        "darwin",
        "linux"
      ],
      "bin": {
        "codex": "bin/codex"
      },
      "devDependencies": {},
      "engines": {
        "node": ">=22.0.0",
        "pnpm": ">=8.0.0"
      }
    }
  }
}
