{
  "name": "codex-monorepo",
  "lockfileVersion": 3,
  "requires": true,
  "packages": {
    "": {
      "name": "codex-monorepo",
      "dependencies": {
        "@openai/codex": "file:test-package.tgz"
      },
      "devDependencies": {
        "prettier": "^3.5.3"
      },
      "engines": {
        "node": ">=22",
        "pnpm": ">=9.0.0"
      }
    },
    "node_modules/@openai/codex": {
      "version": "0.52.0",
      "resolved": "file:test-package.tgz",
      "integrity": "sha512-fQe45WUzVKFer7PBOCgjJJVuwkRMMrmoJe7+6E+j3Ligbop2sS2FiuXK+kpMz5e2XI2GoZ7WJ9qpNQoKb/zSIw==",
      "license": "Apache-2.0",
      "os": [
        "win32"
      ],
      "bin": {
        "codex": "bin/codex.js"
      },
      "engines": {
        "node": ">=16"
      }
    },
    "node_modules/prettier": {
      "version": "3.6.2",
      "resolved": "https://registry.npmjs.org/prettier/-/prettier-3.6.2.tgz",
      "integrity": "sha512-I7AIg5boAr5R0FFtJ6rCfD+LFsWHp81dolrFD8S79U9tb8Az2nGrJncnMSnys+bpQJfRUzqs9hnA81OAA3hCuQ==",
      "dev": true,
      "license": "MIT",
      "bin": {
        "prettier": "bin/prettier.cjs"
      },
      "engines": {
        "node": ">=14"
      },
      "funding": {
        "url": "https://github.com/prettier/prettier?sponsor=1"
      }
    }
  }
}
