lockfileVersion: '9.0'

settings:
  autoInstallPeers: true
  excludeLinksFromLockfile: false

overrides:
  braces: ^3.0.3
  micromatch: ^4.0.8
  semver: ^7.7.1
  ws: ^8.19.0
  path-to-regexp: ^6.3.0
  cookie: ^0.7.2
  ip: ^2.0.1

importers:

  .:
    devDependencies:
      prettier:
        specifier: ^3.8.3
        version: 3.8.3
      pyright:
        specifier: ^1.1.405
        version: 1.1.409

packages:

  fsevents@2.3.3:
    resolution: {integrity: sha512-5xoDfX+fL7faATnagmWPpbFtwh/R77WmMMqqHGS65C3vvB0YHrgF+B1YmZ3441tMj5n63k0212XNoJwzlhffQw==}
    engines: {node: ^8.16.0 || ^10.6.0 || >=11.0.0}
    os: [darwin]

  prettier@3.8.3:
    resolution: {integrity: sha512-7igPTM53cGHMW8xWuVTydi2KO233VFiTNyF5hLJqpilHfmn8C8gPf+PS7dUT64YcXFbiMGZxS9pCSxL/Dxm/Jw==}
    engines: {node: '>=14'}
    hasBin: true

  pyright@1.1.409:
    resolution: {integrity: sha512-13VFQyw4mJzshZxcxiYbNjo1hG/WHSRDj70Y3lbJEHqCkI2dvBAUTti8VV6Ezsr5gT93pFvC0e/jAQS4JdHarA==}
    engines: {node: '>=14.0.0'}
    hasBin: true

snapshots:

  fsevents@2.3.3:
    optional: true

  prettier@3.8.3: {}

  pyright@1.1.409:
    optionalDependencies:
      fsevents: 2.3.3
